
Microsoft Visual Studio Solution File, Format Version 9.00
# Visual Studio 2005
Project("{FAE04EC0-301F-11D3-BF4B-00C04F79EFBC}") = "ip4scanNtag_V320", "ip4scanNtag_V320.csproj", "{308F4B35-F0D2-4C52-827A-E3D314D9F036}"
EndProject
Global
	GlobalSection(SolutionConfigurationPlatforms) = preSolution
		Debug|Any CPU = Debug|Any CPU
		Release|Any CPU = Release|Any CPU
	EndGlobalSection
	GlobalSection(ProjectConfigurationPlatforms) = postSolution
		{308F4B35-F0D2-4C52-827A-E3D314D9F036}.Debug|Any CPU.ActiveCfg = Debug|Any CPU
		{308F4B35-F0D2-4C52-827A-E3D314D9F036}.Debug|Any CPU.Build.0 = Debug|Any CPU
		{308F4B35-F0D2-4C52-827A-E3D314D9F036}.Debug|Any CPU.Deploy.0 = Debug|Any CPU
		{308F4B35-F0D2-4C52-827A-E3D314D9F036}.Release|Any CPU.ActiveCfg = Release|Any CPU
		{308F4B35-F0D2-4C52-827A-E3D314D9F036}.Release|Any CPU.Build.0 = Release|Any CPU
		{308F4B35-F0D2-4C52-827A-E3D314D9F036}.Release|Any CPU.Deploy.0 = Release|Any CPU
	EndGlobalSection
	GlobalSection(SolutionProperties) = preSolution
		HideSolutionNode = FALSE
	EndGlobalSection
EndGlobal
